
Microsoft Visual Studio Solution File, Format Version 12.00
# Visual Studio 15
VisualStudioVersion = 15.0.27130.2010
MinimumVisualStudioVersion = 10.0.40219.1
Project("{FAE04EC0-301F-11D3-BF4B-00C04F79EFBC}") = "Builder", "Builder\Builder.csproj", "{B8BA4FB4-F659-4ADF-9764-27BDC9C964FB}"
EndProject
Global
	GlobalSection(SolutionConfigurationPlatforms) = preSolution
		Debug|Any CPU = Debug|Any CPU
		Release|Any CPU = Release|Any CPU
	EndGlobalSection
	GlobalSection(ProjectConfigurationPlatforms) = postSolution
		{B8BA4FB4-F659-4ADF-9764-27BDC9C964FB}.Debug|Any CPU.ActiveCfg = Debug|Any CPU
		{B8BA4FB4-F659-4ADF-9764-27BDC9C964FB}.Debug|Any CPU.Build.0 = Debug|Any CPU
		{B8BA4FB4-F659-4ADF-9764-27BDC9C964FB}.Release|Any CPU.ActiveCfg = Release|Any CPU
		{B8BA4FB4-F659-4ADF-9764-27BDC9C964FB}.Release|Any CPU.Build.0 = Release|Any CPU
	EndGlobalSection
	GlobalSection(SolutionProperties) = preSolution
		HideSolutionNode = FALSE
	EndGlobalSection
	GlobalSection(ExtensibilityGlobals) = postSolution
		SolutionGuid = {9738AA61-791F-45B6-B525-A4C2CD9F3D2F}
	EndGlobalSection
EndGlobal
